{
    "_meta": {
        "hash": {
            "sha256": "f2688738a96291312f0221e0dfc02683a7cbb43e6b89ae6e16990f1aaaf5aa17"
        },
        "pipfile-spec": 6,
        "requires": {
            "python_version": "3.10"
        },
        "sources": [
            {
                "name": "pypi",
                "url": "https://pypi.org/simple",
                "verify_ssl": true
            }
        ]
    },
    "default": {
        "aiosmtplib": {
            "hashes": [
                "sha256:138599a3227605d29a9081b646415e9e793796ca05322a78f69179f0135016a3",
                "sha256:1e631a7a3936d3e11c6a144fb8ffd94bb4a99b714f2cb433e825d88b698e37bc"
            ],
            "index": "pypi",
            "version": "==2.0.2"
        },
        "names": {
            "hashes": [
                "sha256:726e46254f2ed03f1ffb5d941dae3bc67c35123941c29becd02d48d0caa2a671"
            ],
            "index": "pypi",
            "version": "==0.3.0"
        }
    },
    "develop": {}
}
